{
  "name": "moui-mini",
  "version": "1.0.0",
  "lockfileVersion": 1,
  "requires": true,
  "dependencies": {
    "accord": {
      "version": "0.29.0",
      "resolved": "http://registry.npm.taobao.org/accord/download/accord-0.29.0.tgz",
      "dev": true,
      "requires": {
        "glob": "7.1.2",
        "semver": "5.5.0"
      },
      "dependencies": {
        "convert-source-map": {
          "version": "http://registry.npm.taobao.org/convert-source-map/download/convert-source-map-1.5.1.tgz",
          "bundled": true
        },
        "glob": {
          "version": "7.1.2",
          "resolved": "http://registry.npm.taobao.org/glob/download/glob-7.1.2.tgz",
          "integrity": "sha1-wZyd+aAocC1nhhI4SmVSQExjbRU=",
          "dev": true,
          "requires": {
            "minimatch": "3.0.4",
            "once": "1.3.3"
          }
        },
        "indx": {
          "version": "http://registry.npm.taobao.org/indx/download/indx-0.2.3.tgz",
          "bundled": true
        },
        "lodash.clone": {
          "version": "http://registry.npm.taobao.org/lodash.clone/download/lodash.clone-4.5.0.tgz",
          "bundled": true
        },
        "lodash.defaults": {
          "version": "http://registry.npm.taobao.org/lodash.defaults/download/lodash.defaults-4.2.0.tgz",
          "bundled": true
        },
        "lodash.flatten": {
          "version": "http://registry.npm.taobao.org/lodash.flatten/download/lodash.flatten-4.4.0.tgz",
          "bundled": true
        },
        "lodash.merge": {
          "version": "http://registry.npm.taobao.org/lodash.merge/download/lodash.merge-4.6.1.tgz",
          "bundled": true
        },
        "lodash.partialright": {
          "version": "http://registry.npm.taobao.org/lodash.partialright/download/lodash.partialright-4.2.1.tgz",
          "bundled": true
        },
        "lodash.pick": {
          "version": "http://registry.npm.taobao.org/lodash.pick/download/lodash.pick-4.4.0.tgz",
          "bundled": true
        },
        "lodash.uniq": {
          "version": "http://registry.npm.taobao.org/lodash.uniq/download/lodash.uniq-4.5.0.tgz",
          "bundled": true
        },
        "minimatch": {
          "version": "3.0.4",
          "resolved": "http://registry.npm.taobao.org/minimatch/download/minimatch-3.0.4.tgz",
          "integrity": "sha1-UWbihkV/AzBgZL5Ul+jbsMPTIIM=",
          "dev": true
        },
        "once": {
          "version": "1.3.3",
          "resolved": "http://registry.npm.taobao.org/once/download/once-1.3.3.tgz",
          "integrity": "sha1-suJhVXzkwxTsgwTz+oJmPkKXyiA=",
          "dev": true
        },
        "resolve": {
          "version": "http://registry.npm.taobao.org/resolve/download/resolve-1.8.1.tgz",
          "bundled": true
        },
        "semver": {
          "version": "5.5.0",
          "resolved": "http://registry.npm.taobao.org/semver/download/semver-5.5.0.tgz",
          "integrity": "sha1-3Eu8emyp2Rbe5dQ1FvAJK1j3uKs=",
          "dev": true
        },
        "uglify-js": {
          "version": "http://registry.npm.taobao.org/uglify-js/download/uglify-js-2.8.29.tgz",
          "bundled": true
        },
        "when": {
          "version": "http://registry.npm.taobao.org/when/download/when-3.7.8.tgz",
          "bundled": true
        }
      }
    },
    "browser-sync": {
      "version": "2.24.5",
      "resolved": "http://registry.npm.taobao.org/browser-sync/download/browser-sync-2.24.5.tgz",
      "dev": true,
      "dependencies": {
        "browser-sync-ui": {
          "version": "http://registry.npm.taobao.org/browser-sync-ui/download/browser-sync-ui-1.0.1.tgz",
          "bundled": true
        },
        "bs-recipes": {
          "version": "http://registry.npm.taobao.org/bs-recipes/download/bs-recipes-1.3.4.tgz",
          "bundled": true
        },
        "chokidar": {
          "version": "http://registry.npm.taobao.org/chokidar/download/chokidar-1.7.0.tgz",
          "bundled": true
        },
        "connect": {
          "version": "http://registry.npm.taobao.org/connect/download/connect-3.6.6.tgz",
          "bundled": true
        },
        "connect-history-api-fallback": {
          "version": "http://registry.npm.taobao.org/connect-history-api-fallback/download/connect-history-api-fallback-1.5.0.tgz",
          "bundled": true
        },
        "dev-ip": {
          "version": "http://registry.npm.taobao.org/dev-ip/download/dev-ip-1.0.1.tgz",
          "bundled": true
        },
        "easy-extender": {
          "version": "http://registry.npm.taobao.org/easy-extender/download/easy-extender-2.3.2.tgz",
          "bundled": true
        },
        "eazy-logger": {
          "version": "http://registry.npm.taobao.org/eazy-logger/download/eazy-logger-3.0.2.tgz",
          "bundled": true
        },
        "etag": {
          "version": "http://registry.npm.taobao.org/etag/download/etag-1.8.1.tgz",
          "bundled": true
        },
        "fresh": {
          "version": "http://registry.npm.taobao.org/fresh/download/fresh-0.5.2.tgz",
          "bundled": true
        },
        "fs-extra": {
          "version": "http://registry.npm.taobao.org/fs-extra/download/fs-extra-3.0.1.tgz",
          "bundled": true
        },
        "http-proxy": {
          "version": "http://registry.npm.taobao.org/http-proxy/download/http-proxy-1.15.2.tgz",
          "bundled": true
        },
        "immutable": {
          "version": "http://registry.npm.taobao.org/immutable/download/immutable-3.8.2.tgz",
          "bundled": true
        },
        "localtunnel": {
          "version": "http://registry.npm.taobao.org/localtunnel/download/localtunnel-1.9.0.tgz",
          "bundled": true
        },
        "micromatch": {
          "version": "http://registry.npm.taobao.org/micromatch/download/micromatch-2.3.11.tgz",
          "bundled": true,
          "dependencies": {
            "arr-diff": {
              "version": "http://registry.npm.taobao.org/arr-diff/download/arr-diff-2.0.0.tgz"
            },
            "array-unique": {
              "version": "http://registry.npm.taobao.org/array-unique/download/array-unique-0.2.1.tgz"
            },
            "braces": {
              "version": "http://registry.npm.taobao.org/braces/download/braces-1.8.5.tgz"
            },
            "expand-brackets": {
              "version": "http://registry.npm.taobao.org/expand-brackets/download/expand-brackets-0.1.5.tgz"
            },
            "extglob": {
              "version": "http://registry.npm.taobao.org/extglob/download/extglob-0.3.2.tgz"
            },
            "filename-regex": {
              "version": "http://registry.npm.taobao.org/filename-regex/download/filename-regex-2.0.1.tgz"
            },
            "is-extglob": {
              "version": "http://registry.npm.taobao.org/is-extglob/download/is-extglob-1.0.0.tgz"
            },
            "is-glob": {
              "version": "http://registry.npm.taobao.org/is-glob/download/is-glob-2.0.1.tgz"
            },
            "kind-of": {
              "version": "http://registry.npm.taobao.org/kind-of/download/kind-of-3.2.2.tgz",
              "dependencies": {
                "is-buffer": {
                  "version": "http://registry.npm.taobao.org/is-buffer/download/is-buffer-1.1.6.tgz"
                }
              }
            },
            "normalize-path": {
              "version": "http://registry.npm.taobao.org/normalize-path/download/normalize-path-2.1.1.tgz",
              "dependencies": {
                "remove-trailing-separator": {
                  "version": "http://registry.npm.taobao.org/remove-trailing-separator/download/remove-trailing-separator-1.1.0.tgz"
                }
              }
            },
            "object.omit": {
              "version": "http://registry.npm.taobao.org/object.omit/download/object.omit-2.0.1.tgz"
            },
            "parse-glob": {
              "version": "http://registry.npm.taobao.org/parse-glob/download/parse-glob-3.0.4.tgz"
            },
            "regex-cache": {
              "version": "http://registry.npm.taobao.org/regex-cache/download/regex-cache-0.4.4.tgz"
            }
          }
        },
        "opn": {
          "version": "http://registry.npm.taobao.org/opn/download/opn-4.0.2.tgz",
          "bundled": true
        },
        "portscanner": {
          "version": "http://registry.npm.taobao.org/portscanner/download/portscanner-2.1.1.tgz",
          "bundled": true
        },
        "qs": {
          "version": "http://registry.npm.taobao.org/qs/download/qs-6.2.3.tgz",
          "bundled": true
        },
        "raw-body": {
          "version": "http://registry.npm.taobao.org/raw-body/download/raw-body-2.3.3.tgz",
          "bundled": true
        },
        "resp-modifier": {
          "version": "http://registry.npm.taobao.org/resp-modifier/download/resp-modifier-6.0.2.tgz",
          "bundled": true
        },
        "rx": {
          "version": "http://registry.npm.taobao.org/rx/download/rx-4.1.0.tgz",
          "bundled": true
        },
        "serve-index": {
          "version": "http://registry.npm.taobao.org/serve-index/download/serve-index-1.9.1.tgz",
          "bundled": true
        },
        "serve-static": {
          "version": "http://registry.npm.taobao.org/serve-static/download/serve-static-1.13.2.tgz",
          "bundled": true
        },
        "server-destroy": {
          "version": "http://registry.npm.taobao.org/server-destroy/download/server-destroy-1.0.1.tgz",
          "bundled": true
        },
        "socket.io": {
          "version": "http://registry.npm.taobao.org/socket.io/download/socket.io-2.1.1.tgz",
          "bundled": true
        },
        "ua-parser-js": {
          "version": "http://registry.npm.taobao.org/ua-parser-js/download/ua-parser-js-0.7.17.tgz",
          "bundled": true
        },
        "yargs": {
          "version": "http://registry.npm.taobao.org/yargs/download/yargs-6.4.0.tgz",
          "bundled": true
        }
      }
    },
    "gulp": {
      "version": "3.9.1",
      "resolved": "http://registry.npm.taobao.org/gulp/download/gulp-3.9.1.tgz",
      "dev": true,
      "dependencies": {
        "archy": {
          "version": "http://registry.npm.taobao.org/archy/download/archy-1.0.0.tgz",
          "bundled": true
        },
        "chalk": {
          "version": "http://registry.npm.taobao.org/chalk/download/chalk-1.1.3.tgz",
          "bundled": true,
          "dependencies": {
            "ansi-styles": {
              "version": "http://registry.npm.taobao.org/ansi-styles/download/ansi-styles-2.2.1.tgz"
            },
            "escape-string-regexp": {
              "version": "http://registry.npm.taobao.org/escape-string-regexp/download/escape-string-regexp-1.0.5.tgz"
            },
            "has-ansi": {
              "version": "http://registry.npm.taobao.org/has-ansi/download/has-ansi-2.0.0.tgz"
            },
            "strip-ansi": {
              "version": "http://registry.npm.taobao.org/strip-ansi/download/strip-ansi-3.0.1.tgz"
            },
            "supports-color": {
              "version": "http://registry.npm.taobao.org/supports-color/download/supports-color-2.0.0.tgz"
            }
          }
        },
        "deprecated": {
          "version": "http://registry.npm.taobao.org/deprecated/download/deprecated-0.0.1.tgz",
          "bundled": true
        },
        "gulp-util": {
          "version": "http://registry.npm.taobao.org/gulp-util/download/gulp-util-3.0.8.tgz",
          "bundled": true
        },
        "interpret": {
          "version": "http://registry.npm.taobao.org/interpret/download/interpret-1.1.0.tgz",
          "bundled": true
        },
        "liftoff": {
          "version": "http://registry.npm.taobao.org/liftoff/download/liftoff-2.5.0.tgz",
          "bundled": true
        },
        "minimist": {
          "version": "http://registry.npm.taobao.org/minimist/download/minimist-1.2.0.tgz",
          "bundled": true
        },
        "orchestrator": {
          "version": "http://registry.npm.taobao.org/orchestrator/download/orchestrator-0.3.8.tgz",
          "bundled": true
        },
        "pretty-hrtime": {
          "version": "http://registry.npm.taobao.org/pretty-hrtime/download/pretty-hrtime-1.0.3.tgz",
          "bundled": true
        },
        "semver": {
          "version": "http://registry.npm.taobao.org/semver/download/semver-4.3.6.tgz",
          "bundled": true
        },
        "tildify": {
          "version": "http://registry.npm.taobao.org/tildify/download/tildify-1.2.0.tgz",
          "bundled": true
        },
        "v8flags": {
          "version": "http://registry.npm.taobao.org/v8flags/download/v8flags-2.1.1.tgz",
          "bundled": true
        },
        "vinyl-fs": {
          "version": "http://registry.npm.taobao.org/vinyl-fs/download/vinyl-fs-0.3.14.tgz",
          "bundled": true
        }
      }
    },
    "gulp-clean-css": {
      "version": "3.9.4",
      "resolved": "http://registry.npm.taobao.org/gulp-clean-css/download/gulp-clean-css-3.9.4.tgz",
      "dev": true,
      "requires": {
        "through2": "2.0.3"
      },
      "dependencies": {
        "clean-css": {
          "version": "http://registry.npm.taobao.org/clean-css/download/clean-css-4.1.11.tgz",
          "bundled": true
        },
        "plugin-error": {
          "version": "http://registry.npm.taobao.org/plugin-error/download/plugin-error-1.0.1.tgz",
          "bundled": true
        },
        "through2": {
          "version": "http://registry.npm.taobao.org/through2/download/through2-2.0.3.tgz",
          "bundled": true,
          "dependencies": {
            "readable-stream": {
              "version": "http://registry.npm.taobao.org/readable-stream/download/readable-stream-2.3.6.tgz",
              "bundled": true,
              "dependencies": {
                "core-util-is": {
                  "version": "http://registry.npm.taobao.org/core-util-is/download/core-util-is-1.0.2.tgz",
                  "bundled": true
                },
                "inherits": {
                  "version": "http://registry.npm.taobao.org/inherits/download/inherits-2.0.3.tgz",
                  "bundled": true
                },
                "isarray": {
                  "version": "http://registry.npm.taobao.org/isarray/download/isarray-1.0.0.tgz",
                  "bundled": true
                },
                "process-nextick-args": {
                  "version": "http://registry.npm.taobao.org/process-nextick-args/download/process-nextick-args-2.0.0.tgz",
                  "bundled": true
                },
                "safe-buffer": {
                  "version": "http://registry.npm.taobao.org/safe-buffer/download/safe-buffer-5.1.2.tgz",
                  "bundled": true
                },
                "string_decoder": {
                  "version": "http://registry.npm.taobao.org/string_decoder/download/string_decoder-1.1.1.tgz",
                  "bundled": true
                },
                "util-deprecate": {
                  "version": "http://registry.npm.taobao.org/util-deprecate/download/util-deprecate-1.0.2.tgz",
                  "bundled": true
                }
              }
            },
            "xtend": {
              "version": "http://registry.npm.taobao.org/xtend/download/xtend-4.0.1.tgz",
              "bundled": true
            }
          }
        },
        "vinyl-sourcemaps-apply": {
          "version": "http://registry.npm.taobao.org/vinyl-sourcemaps-apply/download/vinyl-sourcemaps-apply-0.2.1.tgz",
          "bundled": true,
          "dependencies": {
            "source-map": {
              "version": "http://registry.npm.taobao.org/source-map/download/source-map-0.5.7.tgz"
            }
          }
        }
      }
    },
    "gulp-jade": {
      "version": "1.1.0",
      "resolved": "http://registry.npm.taobao.org/gulp-jade/download/gulp-jade-1.1.0.tgz",
      "dev": true,
      "requires": {
        "through2": "2.0.3"
      },
      "dependencies": {
        "gulp-util": {
          "version": "http://registry.npm.taobao.org/gulp-util/download/gulp-util-3.0.8.tgz",
          "bundled": true,
          "dependencies": {
            "array-differ": {
              "version": "http://registry.npm.taobao.org/array-differ/download/array-differ-1.0.0.tgz"
            },
            "array-uniq": {
              "version": "http://registry.npm.taobao.org/array-uniq/download/array-uniq-1.0.3.tgz"
            },
            "beeper": {
              "version": "http://registry.npm.taobao.org/beeper/download/beeper-1.1.1.tgz"
            },
            "chalk": {
              "version": "http://registry.npm.taobao.org/chalk/download/chalk-1.1.3.tgz"
            },
            "dateformat": {
              "version": "http://registry.npm.taobao.org/dateformat/download/dateformat-2.2.0.tgz"
            },
            "fancy-log": {
              "version": "http://registry.npm.taobao.org/fancy-log/download/fancy-log-1.3.2.tgz",
              "dependencies": {
                "ansi-gray": {
                  "version": "http://registry.npm.taobao.org/ansi-gray/download/ansi-gray-0.1.1.tgz",
                  "bundled": true
                },
                "color-support": {
                  "version": "http://registry.npm.taobao.org/color-support/download/color-support-1.1.3.tgz",
                  "bundled": true
                },
                "time-stamp": {
                  "version": "http://registry.npm.taobao.org/time-stamp/download/time-stamp-1.1.0.tgz",
                  "bundled": true
                }
              }
            },
            "gulplog": {
              "version": "http://registry.npm.taobao.org/gulplog/download/gulplog-1.0.0.tgz",
              "dependencies": {
                "glogg": {
                  "version": "http://registry.npm.taobao.org/glogg/download/glogg-1.0.1.tgz",
                  "bundled": true
                }
              }
            },
            "has-gulplog": {
              "version": "http://registry.npm.taobao.org/has-gulplog/download/has-gulplog-0.1.0.tgz",
              "dependencies": {
                "sparkles": {
                  "version": "http://registry.npm.taobao.org/sparkles/download/sparkles-1.0.1.tgz"
                }
              }
            },
            "lodash._reescape": {
              "version": "http://registry.npm.taobao.org/lodash._reescape/download/lodash._reescape-3.0.0.tgz"
            },
            "lodash._reevaluate": {
              "version": "http://registry.npm.taobao.org/lodash._reevaluate/download/lodash._reevaluate-3.0.0.tgz"
            },
            "lodash._reinterpolate": {
              "version": "http://registry.npm.taobao.org/lodash._reinterpolate/download/lodash._reinterpolate-3.0.0.tgz"
            },
            "lodash.template": {
              "version": "http://registry.npm.taobao.org/lodash.template/download/lodash.template-3.6.2.tgz"
            },
            "minimist": {
              "version": "http://registry.npm.taobao.org/minimist/download/minimist-1.2.0.tgz"
            },
            "multipipe": {
              "version": "http://registry.npm.taobao.org/multipipe/download/multipipe-0.1.2.tgz"
            },
            "object-assign": {
              "version": "http://registry.npm.taobao.org/object-assign/download/object-assign-3.0.0.tgz"
            },
            "replace-ext": {
              "version": "http://registry.npm.taobao.org/replace-ext/download/replace-ext-0.0.1.tgz"
            },
            "through2": {
              "version": "http://registry.npm.taobao.org/through2/download/through2-2.0.3.tgz",
              "dependencies": {
                "readable-stream": {
                  "version": "http://registry.npm.taobao.org/readable-stream/download/readable-stream-2.3.6.tgz",
                  "bundled": true,
                  "dependencies": {}
                },
                "xtend": {
                  "version": "http://registry.npm.taobao.org/xtend/download/xtend-4.0.1.tgz",
                  "bundled": true
                }
              }
            },
            "vinyl": {
              "version": "http://registry.npm.taobao.org/vinyl/download/vinyl-0.5.3.tgz"
            }
          }
        },
        "jade": {
          "version": "http://registry.npm.taobao.org/jade/download/jade-1.11.0.tgz",
          "bundled": true
        },
        "through2": {
          "version": "http://registry.npm.taobao.org/through2/download/through2-2.0.3.tgz",
          "bundled": true,
          "dependencies": {
            "readable-stream": {
              "version": "http://registry.npm.taobao.org/readable-stream/download/readable-stream-2.3.6.tgz",
              "bundled": true,
              "dependencies": {}
            },
            "xtend": {
              "version": "http://registry.npm.taobao.org/xtend/download/xtend-4.0.1.tgz",
              "bundled": true
            }
          }
        }
      }
    },
    "gulp-less": {
      "version": "4.0.1",
      "resolved": "http://registry.npm.taobao.org/gulp-less/download/gulp-less-4.0.1.tgz",
      "integrity": "sha1-NIwzpd3nogfFdxsdgmHRrBAhzu0=",
      "dev": true,
      "requires": {
        "accord": "0.29.0",
        "less": "3.7.1",
        "object-assign": "4.1.1",
        "plugin-error": "0.1.2",
        "replace-ext": "1.0.0",
        "through2": "2.0.3",
        "vinyl-sourcemaps-apply": "0.2.1"
      },
      "dependencies": {
        "object-assign": {
          "version": "4.1.1",
          "resolved": "http://registry.npm.taobao.org/object-assign/download/object-assign-4.1.1.tgz",
          "integrity": "sha1-IQmtx5ZYh8/AXLvUQsrIv7s2CGM=",
          "dev": true
        },
        "replace-ext": {
          "version": "1.0.0",
          "resolved": "http://registry.npm.taobao.org/replace-ext/download/replace-ext-1.0.0.tgz",
          "integrity": "sha1-3mMSg3P8v3w8z6TeWkgMRaZ5WOs=",
          "dev": true
        },
        "source-map": {
          "version": "0.5.7",
          "resolved": "http://registry.npm.taobao.org/source-map/download/source-map-0.5.7.tgz",
          "integrity": "sha1-igOdLRAh0i0eoUyA2OpGi6LvP8w=",
          "dev": true
        },
        "vinyl-sourcemaps-apply": {
          "version": "0.2.1",
          "resolved": "http://registry.npm.taobao.org/vinyl-sourcemaps-apply/download/vinyl-sourcemaps-apply-0.2.1.tgz",
          "integrity": "sha1-q2VJ1h0XLCsbh75cUI0jnI74dwU=",
          "dev": true,
          "requires": {
            "source-map": "0.5.7"
          }
        }
      }
    },
    "gulp-load-plugins": {
      "version": "1.5.0",
      "resolved": "http://registry.npm.taobao.org/gulp-load-plugins/download/gulp-load-plugins-1.5.0.tgz",
      "dev": true,
      "dependencies": {
        "array-unique": {
          "version": "http://registry.npm.taobao.org/array-unique/download/array-unique-0.2.1.tgz",
          "bundled": true
        },
        "fancy-log": {
          "version": "http://registry.npm.taobao.org/fancy-log/download/fancy-log-1.3.2.tgz",
          "bundled": true,
          "dependencies": {
            "ansi-gray": {
              "version": "http://registry.npm.taobao.org/ansi-gray/download/ansi-gray-0.1.1.tgz",
              "bundled": true
            },
            "color-support": {
              "version": "http://registry.npm.taobao.org/color-support/download/color-support-1.1.3.tgz",
              "bundled": true
            },
            "time-stamp": {
              "version": "http://registry.npm.taobao.org/time-stamp/download/time-stamp-1.1.0.tgz",
              "bundled": true
            }
          }
        },
        "findup-sync": {
          "version": "http://registry.npm.taobao.org/findup-sync/download/findup-sync-0.4.3.tgz",
          "bundled": true
        },
        "gulplog": {
          "version": "http://registry.npm.taobao.org/gulplog/download/gulplog-1.0.0.tgz",
          "bundled": true
        },
        "has-gulplog": {
          "version": "http://registry.npm.taobao.org/has-gulplog/download/has-gulplog-0.1.0.tgz",
          "bundled": true
        },
        "micromatch": {
          "version": "http://registry.npm.taobao.org/micromatch/download/micromatch-2.3.11.tgz",
          "bundled": true,
          "dependencies": {
            "arr-diff": {
              "version": "http://registry.npm.taobao.org/arr-diff/download/arr-diff-2.0.0.tgz"
            },
            "array-unique": {
              "version": "http://registry.npm.taobao.org/array-unique/download/array-unique-0.2.1.tgz"
            },
            "braces": {
              "version": "http://registry.npm.taobao.org/braces/download/braces-1.8.5.tgz"
            },
            "expand-brackets": {
              "version": "http://registry.npm.taobao.org/expand-brackets/download/expand-brackets-0.1.5.tgz"
            },
            "extglob": {
              "version": "http://registry.npm.taobao.org/extglob/download/extglob-0.3.2.tgz"
            },
            "filename-regex": {
              "version": "http://registry.npm.taobao.org/filename-regex/download/filename-regex-2.0.1.tgz"
            },
            "is-extglob": {
              "version": "http://registry.npm.taobao.org/is-extglob/download/is-extglob-1.0.0.tgz"
            },
            "is-glob": {
              "version": "http://registry.npm.taobao.org/is-glob/download/is-glob-2.0.1.tgz"
            },
            "kind-of": {
              "version": "http://registry.npm.taobao.org/kind-of/download/kind-of-3.2.2.tgz",
              "dependencies": {}
            },
            "normalize-path": {
              "version": "http://registry.npm.taobao.org/normalize-path/download/normalize-path-2.1.1.tgz",
              "dependencies": {}
            },
            "object.omit": {
              "version": "http://registry.npm.taobao.org/object.omit/download/object.omit-2.0.1.tgz"
            },
            "parse-glob": {
              "version": "http://registry.npm.taobao.org/parse-glob/download/parse-glob-3.0.4.tgz"
            },
            "regex-cache": {
              "version": "http://registry.npm.taobao.org/regex-cache/download/regex-cache-0.4.4.tgz"
            }
          }
        },
        "resolve": {
          "version": "http://registry.npm.taobao.org/resolve/download/resolve-1.8.1.tgz",
          "bundled": true,
          "dependencies": {
            "path-parse": {
              "version": "http://registry.npm.taobao.org/path-parse/download/path-parse-1.0.5.tgz"
            }
          }
        }
      }
    },
    "gulp-plumber": {
      "version": "1.2.0",
      "resolved": "http://registry.npm.taobao.org/gulp-plumber/download/gulp-plumber-1.2.0.tgz",
      "dev": true,
      "requires": {
        "plugin-error": "0.1.2",
        "through2": "2.0.3"
      },
      "dependencies": {
        "chalk": {
          "version": "http://registry.npm.taobao.org/chalk/download/chalk-1.1.3.tgz",
          "bundled": true,
          "dependencies": {
            "ansi-styles": {
              "version": "http://registry.npm.taobao.org/ansi-styles/download/ansi-styles-2.2.1.tgz"
            },
            "escape-string-regexp": {
              "version": "http://registry.npm.taobao.org/escape-string-regexp/download/escape-string-regexp-1.0.5.tgz"
            },
            "has-ansi": {
              "version": "http://registry.npm.taobao.org/has-ansi/download/has-ansi-2.0.0.tgz"
            },
            "strip-ansi": {
              "version": "http://registry.npm.taobao.org/strip-ansi/download/strip-ansi-3.0.1.tgz"
            },
            "supports-color": {
              "version": "http://registry.npm.taobao.org/supports-color/download/supports-color-2.0.0.tgz"
            }
          }
        },
        "fancy-log": {
          "version": "http://registry.npm.taobao.org/fancy-log/download/fancy-log-1.3.2.tgz",
          "bundled": true
        },
        "plugin-error": {
          "version": "http://registry.npm.taobao.org/plugin-error/download/plugin-error-0.1.2.tgz",
          "bundled": true,
          "dependencies": {
            "ansi-cyan": {
              "version": "http://registry.npm.taobao.org/ansi-cyan/download/ansi-cyan-0.1.1.tgz",
              "bundled": true
            },
            "ansi-red": {
              "version": "http://registry.npm.taobao.org/ansi-red/download/ansi-red-0.1.1.tgz",
              "bundled": true
            },
            "arr-diff": {
              "version": "http://registry.npm.taobao.org/arr-diff/download/arr-diff-1.1.0.tgz",
              "bundled": true
            },
            "arr-union": {
              "version": "http://registry.npm.taobao.org/arr-union/download/arr-union-2.1.0.tgz",
              "bundled": true
            },
            "extend-shallow": {
              "version": "http://registry.npm.taobao.org/extend-shallow/download/extend-shallow-1.1.4.tgz",
              "bundled": true
            }
          }
        },
        "through2": {
          "version": "http://registry.npm.taobao.org/through2/download/through2-2.0.3.tgz",
          "bundled": true,
          "dependencies": {
            "readable-stream": {
              "version": "http://registry.npm.taobao.org/readable-stream/download/readable-stream-2.3.6.tgz",
              "bundled": true,
              "dependencies": {}
            },
            "xtend": {
              "version": "http://registry.npm.taobao.org/xtend/download/xtend-4.0.1.tgz",
              "bundled": true
            }
          }
        }
      }
    },
    "gulp-rename": {
      "version": "1.3.0",
      "resolved": "http://registry.npm.taobao.org/gulp-rename/download/gulp-rename-1.3.0.tgz",
      "dev": true
    },
    "gulp-sourcemaps": {
      "version": "2.6.4",
      "resolved": "http://registry.npm.taobao.org/gulp-sourcemaps/download/gulp-sourcemaps-2.6.4.tgz",
      "dev": true,
      "requires": {
        "through2": "2.0.3"
      },
      "dependencies": {
        "@gulp-sourcemaps/identity-map": {
          "version": "http://registry.npm.taobao.org/@gulp-sourcemaps/identity-map/download/@gulp-sourcemaps/identity-map-1.0.2.tgz",
          "bundled": true,
          "dependencies": {
            "acorn": {
              "version": "http://registry.npm.taobao.org/acorn/download/acorn-5.7.1.tgz",
              "bundled": true
            },
            "css": {
              "version": "http://registry.npm.taobao.org/css/download/css-2.2.3.tgz",
              "bundled": true
            },
            "normalize-path": {
              "version": "http://registry.npm.taobao.org/normalize-path/download/normalize-path-2.1.1.tgz",
              "bundled": true,
              "dependencies": {
                "remove-trailing-separator": {
                  "version": "http://registry.npm.taobao.org/remove-trailing-separator/download/remove-trailing-separator-1.1.0.tgz"
                }
              }
            },
            "source-map": {
              "version": "http://registry.npm.taobao.org/source-map/download/source-map-0.6.1.tgz",
              "bundled": true
            },
            "through2": {
              "version": "http://registry.npm.taobao.org/through2/download/through2-2.0.3.tgz",
              "bundled": true,
              "dependencies": {
                "readable-stream": {
                  "version": "http://registry.npm.taobao.org/readable-stream/download/readable-stream-2.3.6.tgz",
                  "bundled": true,
                  "dependencies": {}
                },
                "xtend": {
                  "version": "http://registry.npm.taobao.org/xtend/download/xtend-4.0.1.tgz",
                  "bundled": true
                }
              }
            }
          }
        },
        "@gulp-sourcemaps/map-sources": {
          "version": "http://registry.npm.taobao.org/@gulp-sourcemaps/map-sources/download/@gulp-sourcemaps/map-sources-1.0.0.tgz",
          "bundled": true,
          "dependencies": {
            "normalize-path": {
              "version": "http://registry.npm.taobao.org/normalize-path/download/normalize-path-2.1.1.tgz",
              "bundled": true,
              "dependencies": {
                "remove-trailing-separator": {
                  "version": "http://registry.npm.taobao.org/remove-trailing-separator/download/remove-trailing-separator-1.1.0.tgz"
                }
              }
            },
            "through2": {
              "version": "http://registry.npm.taobao.org/through2/download/through2-2.0.3.tgz",
              "bundled": true
            }
          }
        },
        "acorn": {
          "version": "http://registry.npm.taobao.org/acorn/download/acorn-5.7.1.tgz",
          "bundled": true
        },
        "convert-source-map": {
          "version": "http://registry.npm.taobao.org/convert-source-map/download/convert-source-map-1.5.1.tgz",
          "bundled": true
        },
        "css": {
          "version": "http://registry.npm.taobao.org/css/download/css-2.2.3.tgz",
          "bundled": true,
          "dependencies": {
            "inherits": {
              "version": "http://registry.npm.taobao.org/inherits/download/inherits-2.0.3.tgz"
            },
            "source-map": {
              "version": "http://registry.npm.taobao.org/source-map/download/source-map-0.1.43.tgz"
            },
            "source-map-resolve": {
              "version": "http://registry.npm.taobao.org/source-map-resolve/download/source-map-resolve-0.5.2.tgz",
              "dependencies": {
                "atob": {
                  "version": "http://registry.npm.taobao.org/atob/download/atob-2.1.1.tgz",
                  "bundled": true
                },
                "decode-uri-component": {
                  "version": "http://registry.npm.taobao.org/decode-uri-component/download/decode-uri-component-0.2.0.tgz",
                  "bundled": true
                },
                "resolve-url": {
                  "version": "http://registry.npm.taobao.org/resolve-url/download/resolve-url-0.2.1.tgz",
                  "bundled": true
                },
                "source-map-url": {
                  "version": "http://registry.npm.taobao.org/source-map-url/download/source-map-url-0.4.0.tgz",
                  "bundled": true
                },
                "urix": {
                  "version": "http://registry.npm.taobao.org/urix/download/urix-0.1.0.tgz",
                  "bundled": true
                }
              }
            },
            "urix": {
              "version": "http://registry.npm.taobao.org/urix/download/urix-0.1.0.tgz"
            }
          }
        },
        "debug-fabulous": {
          "version": "http://registry.npm.taobao.org/debug-fabulous/download/debug-fabulous-1.1.0.tgz",
          "bundled": true
        },
        "detect-newline": {
          "version": "http://registry.npm.taobao.org/detect-newline/download/detect-newline-2.1.0.tgz",
          "bundled": true
        },
        "graceful-fs": {
          "version": "http://registry.npm.taobao.org/graceful-fs/download/graceful-fs-4.1.11.tgz",
          "bundled": true
        },
        "source-map": {
          "version": "http://registry.npm.taobao.org/source-map/download/source-map-0.6.1.tgz",
          "bundled": true
        },
        "strip-bom-string": {
          "version": "http://registry.npm.taobao.org/strip-bom-string/download/strip-bom-string-1.0.0.tgz",
          "bundled": true
        },
        "through2": {
          "version": "http://registry.npm.taobao.org/through2/download/through2-2.0.3.tgz",
          "bundled": true,
          "dependencies": {
            "readable-stream": {
              "version": "http://registry.npm.taobao.org/readable-stream/download/readable-stream-2.3.6.tgz",
              "bundled": true,
              "dependencies": {}
            },
            "xtend": {
              "version": "http://registry.npm.taobao.org/xtend/download/xtend-4.0.1.tgz",
              "bundled": true
            }
          }
        }
      }
    },
    "image-size": {
      "version": "0.5.5",
      "resolved": "http://registry.npm.taobao.org/image-size/download/image-size-0.5.5.tgz",
      "dev": true,
      "optional": true
    },
    "less": {
      "version": "3.7.1",
      "resolved": "http://registry.npm.taobao.org/less/download/less-3.7.1.tgz",
      "dev": true,
      "requires": {
        "graceful-fs": "4.1.11",
        "image-size": "0.5.5",
        "source-map": "0.6.1"
      },
      "dependencies": {
        "errno": {
          "version": "http://registry.npm.taobao.org/errno/download/errno-0.1.7.tgz",
          "bundled": true
        },
        "graceful-fs": {
          "version": "4.1.11",
          "resolved": "http://registry.npm.taobao.org/graceful-fs/download/graceful-fs-4.1.11.tgz",
          "integrity": "sha1-Dovf5NHduIVNZOBOp8AOKgJuVlg=",
          "dev": true,
          "optional": true
        },
        "image-size": {
          "version": "http://registry.npm.taobao.org/image-size/download/image-size-0.5.5.tgz",
          "bundled": true
        },
        "mime": {
          "version": "http://registry.npm.taobao.org/mime/download/mime-1.6.0.tgz",
          "bundled": true
        },
        "mkdirp": {
          "version": "http://registry.npm.taobao.org/mkdirp/download/mkdirp-0.5.1.tgz",
          "bundled": true,
          "dependencies": {
            "minimist": {
              "version": "http://registry.npm.taobao.org/minimist/download/minimist-0.0.8.tgz"
            }
          }
        },
        "promise": {
          "version": "http://registry.npm.taobao.org/promise/download/promise-7.3.1.tgz",
          "bundled": true
        },
        "request": {
          "version": "http://registry.npm.taobao.org/request/download/request-2.87.0.tgz",
          "bundled": true
        },
        "source-map": {
          "version": "0.6.1",
          "resolved": "http://registry.npm.taobao.org/source-map/download/source-map-0.6.1.tgz",
          "integrity": "sha1-dHIq8y6WFOnCh6jQu95IteLxomM=",
          "dev": true,
          "optional": true
        }
      }
    },
    "plugin-error": {
      "version": "0.1.2",
      "resolved": "http://registry.npm.taobao.org/plugin-error/download/plugin-error-0.1.2.tgz",
      "dev": true,
      "dependencies": {
        "ansi-cyan": {
          "version": "http://registry.npm.taobao.org/ansi-cyan/download/ansi-cyan-0.1.1.tgz",
          "bundled": true
        },
        "ansi-red": {
          "version": "http://registry.npm.taobao.org/ansi-red/download/ansi-red-0.1.1.tgz",
          "bundled": true
        },
        "arr-diff": {
          "version": "http://registry.npm.taobao.org/arr-diff/download/arr-diff-1.1.0.tgz",
          "bundled": true
        },
        "arr-union": {
          "version": "http://registry.npm.taobao.org/arr-union/download/arr-union-2.1.0.tgz",
          "bundled": true
        },
        "extend-shallow": {
          "version": "http://registry.npm.taobao.org/extend-shallow/download/extend-shallow-1.1.4.tgz",
          "bundled": true
        }
      }
    },
    "through2": {
      "version": "2.0.3",
      "resolved": "http://registry.npm.taobao.org/through2/download/through2-2.0.3.tgz",
      "dev": true,
      "dependencies": {
        "readable-stream": {
          "version": "http://registry.npm.taobao.org/readable-stream/download/readable-stream-2.3.6.tgz",
          "bundled": true,
          "dependencies": {}
        },
        "xtend": {
          "version": "http://registry.npm.taobao.org/xtend/download/xtend-4.0.1.tgz",
          "bundled": true
        }
      }
    }
  }
}
